{
  "name": "steam-guard-code",
  "version": "1.0.0",
  "lockfileVersion": 2,
  "requires": true,
  "packages": {
    "": {
      "name": "steam-guard-code",
      "version": "1.0.0",
      "license": "MIT",
      "dependencies": {
        "steam-totp": "^2.1.2"
      }
    },
    "node_modules/steam-totp": {
      "version": "2.1.2",
      "resolved": "https://registry.npmjs.org/steam-totp/-/steam-totp-2.1.2.tgz",
      "integrity": "sha512-bTKlc/NoIUQId+my+O556s55DDsNNXfVIPWFDNVu68beql7AJhV0c+GTjFxfwCDYfdc4NkAme+0WrDdnY2D2VA==",
      "engines": {
        "node": ">=6.0.0"
      }
    }
  },
  "dependencies": {
    "steam-totp": {
      "version": "2.1.2",
      "resolved": "https://registry.npmjs.org/steam-totp/-/steam-totp-2.1.2.tgz",
      "integrity": "sha512-bTKlc/NoIUQId+my+O556s55DDsNNXfVIPWFDNVu68beql7AJhV0c+GTjFxfwCDYfdc4NkAme+0WrDdnY2D2VA=="
    }
  }
}
